// !$*UTF8*$!
{
	archiveVersion = 1;
	classes = {
	};
	objectVersion = 55;
	objects = {

/* Begin PBXBuildFile section */
		F0277DEC2843E394007A5DD8 /* iDineApp.swift in Sources */ = {isa = PBXBuildFile; fileRef = F0277DEB2843E394007A5DD8 /* iDineApp.swift */; };
		F0277DEE2843E394007A5DD8 /* ContentView.swift in Sources */ = {isa = PBXBuildFile; fileRef = F0277DED2843E394007A5DD8 /* ContentView.swift */; };
		F0277DF02843E395007A5DD8 /* Assets.xcassets in Resources */ = {isa = PBXBuildFile; fileRef = F0277DEF2843E395007A5DD8 /* Assets.xcassets */; };
		F0277DF32843E395007A5DD8 /* Preview Assets.xcassets in Resources */ = {isa = PBXBuildFile; fileRef = F0277DF22843E395007A5DD8 /* Preview Assets.xcassets */; };
		F0277DFA2843E451007A5DD8 /* Helper.swift in Sources */ = {isa = PBXBuildFile; fileRef = F0277DF92843E451007A5DD8 /* Helper.swift */; };
		F0277DFC2843E45C007A5DD8 /* Menu.swift in Sources */ = {isa = PBXBuildFile; fileRef = F0277DFB2843E45C007A5DD8 /* Menu.swift */; };
		F0277E002843E488007A5DD8 /* Order.swift in Sources */ = {isa = PBXBuildFile; fileRef = F0277DFF2843E488007A5DD8 /* Order.swift */; };
		F0277E022843E4A4007A5DD8 /* menu.json in Resources */ = {isa = PBXBuildFile; fileRef = F0277E012843E4A4007A5DD8 /* menu.json */; };
		F0277E042843E91B007A5DD8 /* ItemRow.swift in Sources */ = {isa = PBXBuildFile; fileRef = F0277E032843E91B007A5DD8 /* ItemRow.swift */; };
		F0277E062843ED16007A5DD8 /* ItemDetail.swift in Sources */ = {isa = PBXBuildFile; fileRef = F0277E052843ED16007A5DD8 /* ItemDetail.swift */; };
		F0277E0828441416007A5DD8 /* OrderView.swift in Sources */ = {isa = PBXBuildFile; fileRef = F0277E0728441416007A5DD8 /* OrderView.swift */; };
		F0277E0A28441B9D007A5DD8 /* MainView.swift in Sources */ = {isa = PBXBuildFile; fileRef = F0277E0928441B9D007A5DD8 /* MainView.swift */; };
		F0277E0C28441FAE007A5DD8 /* CheckoutView.swift in Sources */ = {isa = PBXBuildFile; fileRef = F0277E0B28441FAE007A5DD8 /* CheckoutView.swift */; };
/* End PBXBuildFile section */

/* Begin PBXFileReference section */
		F0277DE82843E394007A5DD8 /* iDine.app */ = {isa = PBXFileReference; explicitFileType = wrapper.application; includeInIndex = 0; path = iDine.app; sourceTree = BUILT_PRODUCTS_DIR; };
		F0277DEB2843E394007A5DD8 /* iDineApp.swift */ = {isa = PBXFileReference; lastKnownFileType = sourcecode.swift; path = iDineApp.swift; sourceTree = "<group>"; };
		F0277DED2843E394007A5DD8 /* ContentView.swift */ = {isa = PBXFileReference; lastKnownFileType = sourcecode.swift; path = ContentView.swift; sourceTree = "<group>"; };
		F0277DEF2843E395007A5DD8 /* Assets.xcassets */ = {isa = PBXFileReference; lastKnownFileType = folder.assetcatalog; path = Assets.xcassets; sourceTree = "<group>"; };
		F0277DF22843E395007A5DD8 /* Preview Assets.xcassets */ = {isa = PBXFileReference; lastKnownFileType = folder.assetcatalog; path = "Preview Assets.xcassets"; sourceTree = "<group>"; };
		F0277DF92843E451007A5DD8 /* Helper.swift */ = {isa = PBXFileReference; fileEncoding = 4; lastKnownFileType = sourcecode.swift; path = Helper.swift; sourceTree = "<group>"; };
		F0277DFB2843E45C007A5DD8 /* Menu.swift */ = {isa = PBXFileReference; fileEncoding = 4; lastKnownFileType = sourcecode.swift; name = Menu.swift; path = "Preview Content/Menu.swift"; sourceTree = "<group>"; };
		F0277DFF2843E488007A5DD8 /* Order.swift */ = {isa = PBXFileReference; fileEncoding = 4; lastKnownFileType = sourcecode.swift; path = Order.swift; sourceTree = "<group>"; };
		F0277E012843E4A4007A5DD8 /* menu.json */ = {isa = PBXFileReference; fileEncoding = 4; lastKnownFileType = text.json; path = menu.json; sourceTree = "<group>"; };
		F0277E032843E91B007A5DD8 /* ItemRow.swift */ = {isa = PBXFileReference; lastKnownFileType = sourcecode.swift; path = ItemRow.swift; sourceTree = "<group>"; };
		F0277E052843ED16007A5DD8 /* ItemDetail.swift */ = {isa = PBXFileReference; lastKnownFileType = sourcecode.swift; path = ItemDetail.swift; sourceTree = "<group>"; };
		F0277E0728441416007A5DD8 /* OrderView.swift */ = {isa = PBXFileReference; lastKnownFileType = sourcecode.swift; path = OrderView.swift; sourceTree = "<group>"; };
		F0277E0928441B9D007A5DD8 /* MainView.swift */ = {isa = PBXFileReference; lastKnownFileType = sourcecode.swift; path = MainView.swift; sourceTree = "<group>"; };
		F0277E0B28441FAE007A5DD8 /* CheckoutView.swift */ = {isa = PBXFileReference; lastKnownFileType = sourcecode.swift; path = CheckoutView.swift; sourceTree = "<group>"; };
/* End PBXFileReference section */

/* Begin PBXFrameworksBuildPhase section */
		F0277DE52843E394007A5DD8 /* Frameworks */ = {
			isa = PBXFrameworksBuildPhase;
			buildActionMask = 2147483647;
			files = (
			);
			runOnlyForDeploymentPostprocessing = 0;
		};
/* End PBXFrameworksBuildPhase section */

/* Begin PBXGroup section */
		F0277DDF2843E394007A5DD8 = {
			isa = PBXGroup;
			children = (
				F0277DEA2843E394007A5DD8 /* iDine */,
				F0277DE92843E394007A5DD8 /* Products */,
			);
			sourceTree = "<group>";
		};
		F0277DE92843E394007A5DD8 /* Products */ = {
			isa = PBXGroup;
			children = (
				F0277DE82843E394007A5DD8 /* iDine.app */,
			);
			name = Products;
			sourceTree = "<group>";
		};
		F0277DEA2843E394007A5DD8 /* iDine */ = {
			isa = PBXGroup;
			children = (
				F0277DEB2843E394007A5DD8 /* iDineApp.swift */,
				F0277DED2843E394007A5DD8 /* ContentView.swift */,
				F0277E032843E91B007A5DD8 /* ItemRow.swift */,
				F0277E052843ED16007A5DD8 /* ItemDetail.swift */,
				F0277DFB2843E45C007A5DD8 /* Menu.swift */,
				F0277DFF2843E488007A5DD8 /* Order.swift */,
				F0277DF92843E451007A5DD8 /* Helper.swift */,
				F0277E012843E4A4007A5DD8 /* menu.json */,
				F0277DEF2843E395007A5DD8 /* Assets.xcassets */,
				F0277DF12843E395007A5DD8 /* Preview Content */,
				F0277E0728441416007A5DD8 /* OrderView.swift */,
				F0277E0928441B9D007A5DD8 /* MainView.swift */,
				F0277E0B28441FAE007A5DD8 /* CheckoutView.swift */,
			);
			path = iDine;
			sourceTree = "<group>";
		};
		F0277DF12843E395007A5DD8 /* Preview Content */ = {
			isa = PBXGroup;
			children = (
				F0277DF22843E395007A5DD8 /* Preview Assets.xcassets */,
			);
			path = "Preview Content";
			sourceTree = "<group>";
		};
/* End PBXGroup section */

/* Begin PBXNativeTarget section */
		F0277DE72843E394007A5DD8 /* iDine */ = {
			isa = PBXNativeTarget;
			buildConfigurationList = F0277DF62843E395007A5DD8 /* Build configuration list for PBXNativeTarget "iDine" */;
			buildPhases = (
				F0277DE42843E394007A5DD8 /* Sources */,
				F0277DE52843E394007A5DD8 /* Frameworks */,
				F0277DE62843E394007A5DD8 /* Resources */,
			);
			buildRules = (
			);
			dependencies = (
			);
			name = iDine;
			productName = iDine;
			productReference = F0277DE82843E394007A5DD8 /* iDine.app */;
			productType = "com.apple.product-type.application";
		};
/* End PBXNativeTarget section */

/* Begin PBXProject section */
		F0277DE02843E394007A5DD8 /* Project object */ = {
			isa = PBXProject;
			attributes = {
				BuildIndependentTargetsInParallel = 1;
				LastSwiftUpdateCheck = 1340;
				LastUpgradeCheck = 1340;
				TargetAttributes = {
					F0277DE72843E394007A5DD8 = {
						CreatedOnToolsVersion = 13.4;
					};
				};
			};
			buildConfigurationList = F0277DE32843E394007A5DD8 /* Build configuration list for PBXProject "iDine" */;
			compatibilityVersion = "Xcode 13.0";
			developmentRegion = en;
			hasScannedForEncodings = 0;
			knownRegions = (
				en,
				Base,
			);
			mainGroup = F0277DDF2843E394007A5DD8;
			productRefGroup = F0277DE92843E394007A5DD8 /* Products */;
			projectDirPath = "";
			projectRoot = "";
			targets = (
				F0277DE72843E394007A5DD8 /* iDine */,
			);
		};
/* End PBXProject section */

/* Begin PBXResourcesBuildPhase section */
		F0277DE62843E394007A5DD8 /* Resources */ = {
			isa = PBXResourcesBuildPhase;
			buildActionMask = 2147483647;
			files = (
				F0277E022843E4A4007A5DD8 /* menu.json in Resources */,
				F0277DF32843E395007A5DD8 /* Preview Assets.xcassets in Resources */,
				F0277DF02843E395007A5DD8 /* Assets.xcassets in Resources */,
			);
			runOnlyForDeploymentPostprocessing = 0;
		};
/* End PBXResourcesBuildPhase section */

/* Begin PBXSourcesBuildPhase section */
		F0277DE42843E394007A5DD8 /* Sources */ = {
			isa = PBXSourcesBuildPhase;
			buildActionMask = 2147483647;
			files = (
				F0277E062843ED16007A5DD8 /* ItemDetail.swift in Sources */,
				F0277E0A28441B9D007A5DD8 /* MainView.swift in Sources */,
				F0277E0C28441FAE007A5DD8 /* CheckoutView.swift in Sources */,
				F0277E0828441416007A5DD8 /* OrderView.swift in Sources */,
				F0277DEE2843E394007A5DD8 /* ContentView.swift in Sources */,
				F0277DEC2843E394007A5DD8 /* iDineApp.swift in Sources */,
				F0277E042843E91B007A5DD8 /* ItemRow.swift in Sources */,
				F0277E002843E488007A5DD8 /* Order.swift in Sources */,
				F0277DFC2843E45C007A5DD8 /* Menu.swift in Sources */,
				F0277DFA2843E451007A5DD8 /* Helper.swift in Sources */,
			);
			runOnlyForDeploymentPostprocessing = 0;
		};
/* End PBXSourcesBuildPhase section */

/* Begin XCBuildConfiguration section */
		F0277DF42843E395007A5DD8 /* Debug */ = {
			isa = XCBuildConfiguration;
			buildSettings = {
				ALWAYS_SEARCH_USER_PATHS = NO;
				CLANG_ANALYZER_NONNULL = YES;
				CLANG_ANALYZER_NUMBER_OBJECT_CONVERSION = YES_AGGRESSIVE;
				CLANG_CXX_LANGUAGE_STANDARD = "gnu++17";
				CLANG_ENABLE_MODULES = YES;
				CLANG_ENABLE_OBJC_ARC = YES;
				CLANG_ENABLE_OBJC_WEAK = YES;
				CLANG_WARN_BLOCK_CAPTURE_AUTORELEASING = YES;
				CLANG_WARN_BOOL_CONVERSION = YES;
				CLANG_WARN_COMMA = YES;
				CLANG_WARN_CONSTANT_CONVERSION = YES;
				CLANG_WARN_DEPRECATED_OBJC_IMPLEMENTATIONS = YES;
				CLANG_WARN_DIRECT_OBJC_ISA_USAGE = YES_ERROR;
				CLANG_WARN_DOCUMENTATION_COMMENTS = YES;
				CLANG_WARN_EMPTY_BODY = YES;
				CLANG_WARN_ENUM_CONVERSION = YES;
				CLANG_WARN_INFINITE_RECURSION = YES;
				CLANG_WARN_INT_CONVERSION = YES;
				CLANG_WARN_NON_LITERAL_NULL_CONVERSION = YES;
				CLANG_WARN_OBJC_IMPLICIT_RETAIN_SELF = YES;
				CLANG_WARN_OBJC_LITERAL_CONVERSION = YES;
				CLANG_WARN_OBJC_ROOT_CLASS = YES_ERROR;
				CLANG_WARN_QUOTED_INCLUDE_IN_FRAMEWORK_HEADER = YES;
				CLANG_WARN_RANGE_LOOP_ANALYSIS = YES;
				CLANG_WARN_STRICT_PROTOTYPES = YES;
				CLANG_WARN_SUSPICIOUS_MOVE = YES;
				CLANG_WARN_UNGUARDED_AVAILABILITY = YES_AGGRESSIVE;
				CLANG_WARN_UNREACHABLE_CODE = YES;
				CLANG_WARN__DUPLICATE_METHOD_MATCH = YES;
				COPY_PHASE_STRIP = NO;
				DEBUG_INFORMATION_FORMAT = dwarf;
				ENABLE_STRICT_OBJC_MSGSEND = YES;
				ENABLE_TESTABILITY = YES;
				GCC_C_LANGUAGE_STANDARD = gnu11;
				GCC_DYNAMIC_NO_PIC = NO;
				GCC_NO_COMMON_BLOCKS = YES;
				GCC_OPTIMIZATION_LEVEL = 0;
				GCC_PREPROCESSOR_DEFINITIONS = (
					"DEBUG=1",
					"$(inherited)",
				);
				GCC_WARN_64_TO_32_BIT_CONVERSION = YES;
				GCC_WARN_ABOUT_RETURN_TYPE = YES_ERROR;
				GCC_WARN_UNDECLARED_SELECTOR = YES;
				GCC_WARN_UNINITIALIZED_AUTOS = YES_AGGRESSIVE;
				GCC_WARN_UNUSED_FUNCTION = YES;
				GCC_WARN_UNUSED_VARIABLE = YES;
				IPHONEOS_DEPLOYMENT_TARGET = 15.5;
				MTL_ENABLE_DEBUG_INFO = INCLUDE_SOURCE;
				MTL_FAST_MATH = YES;
				ONLY_ACTIVE_ARCH = YES;
				SDKROOT = iphoneos;
				SWIFT_ACTIVE_COMPILATION_CONDITIONS = DEBUG;
				SWIFT_OPTIMIZATION_LEVEL = "-Onone";
			};
			name = Debug;
		};
		F0277DF52843E395007A5DD8 /* Release */ = {
			isa = XCBuildConfiguration;
			buildSettings = {
				ALWAYS_SEARCH_USER_PATHS = NO;
				CLANG_ANALYZER_NONNULL = YES;
				CLANG_ANALYZER_NUMBER_OBJECT_CONVERSION = YES_AGGRESSIVE;
				CLANG_CXX_LANGUAGE_STANDARD = "gnu++17";
				CLANG_ENABLE_MODULES = YES;
				CLANG_ENABLE_OBJC_ARC = YES;
				CLANG_ENABLE_OBJC_WEAK = YES;
				CLANG_WARN_BLOCK_CAPTURE_AUTORELEASING = YES;
				CLANG_WARN_BOOL_CONVERSION = YES;
				CLANG_WARN_COMMA = YES;
				CLANG_WARN_CONSTANT_CONVERSION = YES;
				CLANG_WARN_DEPRECATED_OBJC_IMPLEMENTATIONS = YES;
				CLANG_WARN_DIRECT_OBJC_ISA_USAGE = YES_ERROR;
				CLANG_WARN_DOCUMENTATION_COMMENTS = YES;
				CLANG_WARN_EMPTY_BODY = YES;
				CLANG_WARN_ENUM_CONVERSION = YES;
				CLANG_WARN_INFINITE_RECURSION = YES;
				CLANG_WARN_INT_CONVERSION = YES;
				CLANG_WARN_NON_LITERAL_NULL_CONVERSION = YES;
				CLANG_WARN_OBJC_IMPLICIT_RETAIN_SELF = YES;
				CLANG_WARN_OBJC_LITERAL_CONVERSION = YES;
				CLANG_WARN_OBJC_ROOT_CLASS = YES_ERROR;
				CLANG_WARN_QUOTED_INCLUDE_IN_FRAMEWORK_HEADER = YES;
				CLANG_WARN_RANGE_LOOP_ANALYSIS = YES;
				CLANG_WARN_STRICT_PROTOTYPES = YES;
				CLANG_WARN_SUSPICIOUS_MOVE = YES;
				CLANG_WARN_UNGUARDED_AVAILABILITY = YES_AGGRESSIVE;
				CLANG_WARN_UNREACHABLE_CODE = YES;
				CLANG_WARN__DUPLICATE_METHOD_MATCH = YES;
				COPY_PHASE_STRIP = NO;
				DEBUG_INFORMATION_FORMAT = "dwarf-with-dsym";
				ENABLE_NS_ASSERTIONS = NO;
				ENABLE_STRICT_OBJC_MSGSEND = YES;
				GCC_C_LANGUAGE_STANDARD = gnu11;
				GCC_NO_COMMON_BLOCKS = YES;
				GCC_WARN_64_TO_32_BIT_CONVERSION = YES;
				GCC_WARN_ABOUT_RETURN_TYPE = YES_ERROR;
				GCC_WARN_UNDECLARED_SELECTOR = YES;
				GCC_WARN_UNINITIALIZED_AUTOS = YES_AGGRESSIVE;
				GCC_WARN_UNUSED_FUNCTION = YES;
				GCC_WARN_UNUSED_VARIABLE = YES;
				IPHONEOS_DEPLOYMENT_TARGET = 15.5;
				MTL_ENABLE_DEBUG_INFO = NO;
				MTL_FAST_MATH = YES;
				SDKROOT = iphoneos;
				SWIFT_COMPILATION_MODE = wholemodule;
				SWIFT_OPTIMIZATION_LEVEL = "-O";
				VALIDATE_PRODUCT = YES;
			};
			name = Release;
		};
		F0277DF72843E395007A5DD8 /* Debug */ = {
			isa = XCBuildConfiguration;
			buildSettings = {
				ASSETCATALOG_COMPILER_APPICON_NAME = AppIcon;
				ASSETCATALOG_COMPILER_GLOBAL_ACCENT_COLOR_NAME = AccentColor;
				CODE_SIGN_STYLE = Automatic;
				CURRENT_PROJECT_VERSION = 1;
				DEVELOPMENT_ASSET_PATHS = "\"iDine/Preview Content\"";
				DEVELOPMENT_TEAM = 862P85D8D9;
				ENABLE_PREVIEWS = YES;
				GENERATE_INFOPLIST_FILE = YES;
				INFOPLIST_KEY_UIApplicationSceneManifest_Generation = YES;
				INFOPLIST_KEY_UIApplicationSupportsIndirectInputEvents = YES;
				INFOPLIST_KEY_UILaunchScreen_Generation = YES;
				INFOPLIST_KEY_UISupportedInterfaceOrientations_iPad = "UIInterfaceOrientationPortrait UIInterfaceOrientationPortraitUpsideDown UIInterfaceOrientationLandscapeLeft UIInterfaceOrientationLandscapeRight";
				INFOPLIST_KEY_UISupportedInterfaceOrientations_iPhone = "UIInterfaceOrientationPortrait UIInterfaceOrientationLandscapeLeft UIInterfaceOrientationLandscapeRight";
				LD_RUNPATH_SEARCH_PATHS = (
					"$(inherited)",
					"@executable_path/Frameworks",
				);
				MARKETING_VERSION = 1.0;
				PRODUCT_BUNDLE_IDENTIFIER = com.mary.iDine;
				PRODUCT_NAME = "$(TARGET_NAME)";
				SWIFT_EMIT_LOC_STRINGS = YES;
				SWIFT_VERSION = 5.0;
				TARGETED_DEVICE_FAMILY = "1,2";
			};
			name = Debug;
		};
		F0277DF82843E395007A5DD8 /* Release */ = {
			isa = XCBuildConfiguration;
			buildSettings = {
				ASSETCATALOG_COMPILER_APPICON_NAME = AppIcon;
				ASSETCATALOG_COMPILER_GLOBAL_ACCENT_COLOR_NAME = AccentColor;
				CODE_SIGN_STYLE = Automatic;
				CURRENT_PROJECT_VERSION = 1;
				DEVELOPMENT_ASSET_PATHS = "\"iDine/Preview Content\"";
				DEVELOPMENT_TEAM = 862P85D8D9;
				ENABLE_PREVIEWS = YES;
				GENERATE_INFOPLIST_FILE = YES;
				INFOPLIST_KEY_UIApplicationSceneManifest_Generation = YES;
				INFOPLIST_KEY_UIApplicationSupportsIndirectInputEvents = YES;
				INFOPLIST_KEY_UILaunchScreen_Generation = YES;
				INFOPLIST_KEY_UISupportedInterfaceOrientations_iPad = "UIInterfaceOrientationPortrait UIInterfaceOrientationPortraitUpsideDown UIInterfaceOrientationLandscapeLeft UIInterfaceOrientationLandscapeRight";
				INFOPLIST_KEY_UISupportedInterfaceOrientations_iPhone = "UIInterfaceOrientationPortrait UIInterfaceOrientationLandscapeLeft UIInterfaceOrientationLandscapeRight";
				LD_RUNPATH_SEARCH_PATHS = (
					"$(inherited)",
					"@executable_path/Frameworks",
				);
				MARKETING_VERSION = 1.0;
				PRODUCT_BUNDLE_IDENTIFIER = com.mary.iDine;
				PRODUCT_NAME = "$(TARGET_NAME)";
				SWIFT_EMIT_LOC_STRINGS = YES;
				SWIFT_VERSION = 5.0;
				TARGETED_DEVICE_FAMILY = "1,2";
			};
			name = Release;
		};
/* End XCBuildConfiguration section */

/* Begin XCConfigurationList section */
		F0277DE32843E394007A5DD8 /* Build configuration list for PBXProject "iDine" */ = {
			isa = XCConfigurationList;
			buildConfigurations = (
				F0277DF42843E395007A5DD8 /* Debug */,
				F0277DF52843E395007A5DD8 /* Release */,
			);
			defaultConfigurationIsVisible = 0;
			defaultConfigurationName = Release;
		};
		F0277DF62843E395007A5DD8 /* Build configuration list for PBXNativeTarget "iDine" */ = {
			isa = XCConfigurationList;
			buildConfigurations = (
				F0277DF72843E395007A5DD8 /* Debug */,
				F0277DF82843E395007A5DD8 /* Release */,
			);
			defaultConfigurationIsVisible = 0;
			defaultConfigurationName = Release;
		};
/* End XCConfigurationList section */
	};
	rootObject = F0277DE02843E394007A5DD8 /* Project object */;
}
